Microsoft Visual Studio Solution File, Format Version 12.00
# Visual Studio Version 16
Global
	GlobalSection(SolutionConfigurationPlatforms) = preSolution
	EndGlobalSection
	GlobalSection(ProjectConfigurationPlatforms) = postSolution
	EndGlobalSection
	GlobalSection(SolutionProperties) = preSolution
		HideSolutionNode = FALSE
	EndGlobalSection
	GlobalSection(ExtensibilityGlobals) = postSolution
		SolutionGuid = {811ECB90-94DB-4FE2-9371-B1D1EDBA2BCA}
	EndGlobalSection
EndGlobal
