Microsoft Visual Studio Solution File, Format Version 12.00
#
Project("{2150E333-8FDC-42A3-9474-1A3956D46DE8}") = "Solution Items", "Solution Items", "{B283EBC2-E01F-412D-9339-FD56EF114549}"
	ProjectSection(SolutionItems) = preProject
		..\..\..\..\Packages\Versions.props = ..\..\..\..\Packages\Versions.props
		..\..\..\..\Packages\Versions.Local.json = ..\..\..\..\Packages\Versions.Local.json
		..\..\..\..\Packages\Versions.Local.props = ..\..\..\..\Packages\Versions.Local.props
		..\..\..\..\Packages\Packages.pkgs = ..\..\..\..\Packages\Packages.pkgs
		..\..\..\..\Packages\Packages\AnyOf.pkgs = ..\..\..\..\Packages\Packages\AnyOf.pkgs
		..\..\..\..\Packages\Packages\APIVersioning.pkgs = ..\..\..\..\Packages\Packages\APIVersioning.pkgs
		..\..\..\..\Packages\Packages\AutoMapper.pkgs = ..\..\..\..\Packages\Packages\AutoMapper.pkgs
		..\..\..\..\Packages\Packages\Azure.pkgs = ..\..\..\..\Packages\Packages\Azure.pkgs
		..\..\..\..\Packages\Packages\AzureFunctions.pkgs = ..\..\..\..\Packages\Packages\AzureFunctions.pkgs
		..\..\..\..\Packages\Packages\DDD.pkgs = ..\..\..\..\Packages\Packages\DDD.pkgs
		..\..\..\..\Packages\Packages\EFCore.pkgs = ..\..\..\..\Packages\Packages\EFCore.pkgs
		..\..\..\..\Packages\Packages\GlobalBuild.pkgs = ..\..\..\..\Packages\Packages\GlobalBuild.pkgs
		..\..\..\..\Packages\Packages\GlobalCodeGenerators.pkgs = ..\..\..\..\Packages\Packages\GlobalCodeGenerators.pkgs
		..\..\..\..\Packages\Packages\Images.pkgs = ..\..\..\..\Packages\Packages\Images.pkgs
		..\..\..\..\Packages\Packages\McMaster.CommandLineUtils.pkgs = ..\..\..\..\Packages\Packages\McMaster.CommandLineUtils.pkgs
		..\..\..\..\Packages\Packages\MediatR.pkgs = ..\..\..\..\Packages\Packages\MediatR.pkgs
		..\..\..\..\Packages\Packages\Microsoft.AspNetCore.pkgs = ..\..\..\..\Packages\Packages\Microsoft.AspNetCore.pkgs
		..\..\..\..\Packages\Packages\Microsoft.Extensions.pkgs = ..\..\..\..\Packages\Packages\Microsoft.Extensions.pkgs
		..\..\..\..\Packages\Packages\Microsoft.Identity.pkgs = ..\..\..\..\Packages\Packages\Microsoft.Identity.pkgs
		..\..\..\..\Packages\Packages\Microsoft.VisualStudio.Shell.Interop.pkgs = ..\..\..\..\Packages\Packages\Microsoft.VisualStudio.Shell.Interop.pkgs
		..\..\..\..\Packages\Packages\Miscellany.pkgs = ..\..\..\..\Packages\Packages\Miscellany.pkgs
		..\..\..\..\Packages\Packages\MSBuild.pkgs = ..\..\..\..\Packages\Packages\MSBuild.pkgs
		..\..\..\..\Packages\Packages\MSBuildProjectCreator.pkgs = ..\..\..\..\Packages\Packages\MSBuildProjectCreator.pkgs
		..\..\..\..\Packages\Packages\MSBuildSdks.pkgs = ..\..\..\..\Packages\Packages\MSBuildSdks.pkgs
		..\..\..\..\Packages\Packages\Newtonsoft.Json.pkgs = ..\..\..\..\Packages\Packages\Newtonsoft.Json.pkgs
		..\..\..\..\Packages\Packages\NuGet.pkgs = ..\..\..\..\Packages\Packages\NuGet.pkgs
		..\..\..\..\Packages\Packages\Powershell.pkgs = ..\..\..\..\Packages\Packages\Powershell.pkgs
		..\..\..\..\Packages\Packages\Roslyn.pkgs = ..\..\..\..\Packages\Packages\Roslyn.pkgs
		..\..\..\..\Packages\Packages\Serilog.pkgs = ..\..\..\..\Packages\Packages\Serilog.pkgs
		..\..\..\..\Packages\Packages\SlnGen.pkgs = ..\..\..\..\Packages\Packages\SlnGen.pkgs
		..\..\..\..\Packages\Packages\Swashbuckle.pkgs = ..\..\..\..\Packages\Packages\Swashbuckle.pkgs
		..\..\..\..\Packages\Packages\System.pkgs = ..\..\..\..\Packages\Packages\System.pkgs
		..\..\..\..\Packages\Packages\Telegram.pkgs = ..\..\..\..\Packages\Packages\Telegram.pkgs
		..\..\..\..\Packages\Packages\Testing.EfCore.pkgs = ..\..\..\..\Packages\Packages\Testing.EfCore.pkgs
		..\..\..\..\Packages\Packages\Testing.pkgs = ..\..\..\..\Packages\Packages\Testing.pkgs
		..\..\..\..\Packages\Packages\Validation.pkgs = ..\..\..\..\Packages\Packages\Validation.pkgs
		..\..\..\..\Packages\Packages\XmlDocMd.pkgs = ..\..\..\..\Packages\Packages\XmlDocMd.pkgs
		..\..\..\..\Packages\Versions\AspNetCoreIdentity.props = ..\..\..\..\Packages\Versions\AspNetCoreIdentity.props
		..\..\..\..\Packages\Versions\AutoMapper.props = ..\..\..\..\Packages\Versions\AutoMapper.props
		..\..\..\..\Packages\Versions\CoreIntegratedLibs.props = ..\..\..\..\Packages\Versions\CoreIntegratedLibs.props
		..\..\..\..\Packages\Versions\EFCore.props = ..\..\..\..\Packages\Versions\EFCore.props
		..\..\..\..\Packages\Versions\JsonPatch.props = ..\..\..\..\Packages\Versions\JsonPatch.props
		..\..\..\..\Packages\Versions\MediatR.props = ..\..\..\..\Packages\Versions\MediatR.props
		..\..\..\..\Packages\Versions\Microsoft.CodeAnalysis.props = ..\..\..\..\Packages\Versions\Microsoft.CodeAnalysis.props
		..\..\..\..\Packages\Versions\Microsoft.Extensions.Logging.props = ..\..\..\..\Packages\Versions\Microsoft.Extensions.Logging.props
		..\..\..\..\Packages\Versions\MSBuild.props = ..\..\..\..\Packages\Versions\MSBuild.props
		..\..\..\..\Packages\Versions\PowerShell.props = ..\..\..\..\Packages\Versions\PowerShell.props
	EndProjectSection
EndProject
Project("{FAE04EC0-301F-11D3-BF4B-00C04F79EFBC}") = "Dgmjr.CodeGeneration.CompileTimeComputation", "src\Dgmjr.CodeGeneration.CompileTimeComputation.csproj", "{DE2492E3-4002-453A-B0EC-19481B8008C5}"
EndProject
Project("{FAE04EC0-301F-11D3-BF4B-00C04F79EFBC}") = "Dgmjr.CodeGeneration.CompileTimeComputation.Samples", "Samples\Dgmjr.CodeGeneration.CompileTimeComputation.Samples.csproj", "{7306941E-C724-4533-B856-62F7E73CD135}"
EndProject
Global
	GlobalSection(SolutionConfigurationPlatforms) = preSolution
		Local|Any CPU = Local|Any CPU
		Debug|Any CPU = Debug|Any CPU
		Testing|Any CPU = Testing|Any CPU
		Staging|Any CPU = Staging|Any CPU
		Production|Any CPU = Production|Any CPU
		Release|Any CPU = Release|Any CPU
	EndGlobalSection
	GlobalSection(ProjectConfigurationPlatforms) = postSolution
		{A6D9E124-A816-4398-B89B-F386A4686AD7}.Local|Any CPU.ActiveCfg = Local|Any CPU
		{A6D9E124-A816-4398-B89B-F386A4686AD7}.Local|Any CPU.Build.0 = Local|Any CPU
		{A6D9E124-A816-4398-B89B-F386A4686AD7}.Debug|Any CPU.ActiveCfg = Debug|Any CPU
		{A6D9E124-A816-4398-B89B-F386A4686AD7}.Debug|Any CPU.Build.0 = Debug|Any CPU
		{A6D9E124-A816-4398-B89B-F386A4686AD7}.Testing|Any CPU.ActiveCfg = Testing|Any CPU
		{A6D9E124-A816-4398-B89B-F386A4686AD7}.Testing|Any CPU.Build.0 = Testing|Any CPU
		{A6D9E124-A816-4398-B89B-F386A4686AD7}.Staging|Any CPU.ActiveCfg = Staging|Any CPU
		{A6D9E124-A816-4398-B89B-F386A4686AD7}.Staging|Any CPU.Build.0 = Staging|Any CPU
		{A6D9E124-A816-4398-B89B-F386A4686AD7}.Production|Any CPU.ActiveCfg = Local|Any CPU
		{A6D9E124-A816-4398-B89B-F386A4686AD7}.Production|Any CPU.Build.0 = Local|Any CPU
		{A6D9E124-A816-4398-B89B-F386A4686AD7}.Release|Any CPU.ActiveCfg = Release|Any CPU
		{A6D9E124-A816-4398-B89B-F386A4686AD7}.Release|Any CPU.Build.0 = Release|Any CPU
		{DE2492E3-4002-453A-B0EC-19481B8008C5}.Local|Any CPU.ActiveCfg = Local|Any CPU
		{DE2492E3-4002-453A-B0EC-19481B8008C5}.Local|Any CPU.Build.0 = Local|Any CPU
		{DE2492E3-4002-453A-B0EC-19481B8008C5}.Debug|Any CPU.ActiveCfg = Debug|Any CPU
		{DE2492E3-4002-453A-B0EC-19481B8008C5}.Debug|Any CPU.Build.0 = Debug|Any CPU
		{DE2492E3-4002-453A-B0EC-19481B8008C5}.Testing|Any CPU.ActiveCfg = Testing|Any CPU
		{DE2492E3-4002-453A-B0EC-19481B8008C5}.Testing|Any CPU.Build.0 = Testing|Any CPU
		{DE2492E3-4002-453A-B0EC-19481B8008C5}.Staging|Any CPU.ActiveCfg = Staging|Any CPU
		{DE2492E3-4002-453A-B0EC-19481B8008C5}.Staging|Any CPU.Build.0 = Staging|Any CPU
		{DE2492E3-4002-453A-B0EC-19481B8008C5}.Production|Any CPU.ActiveCfg = Local|Any CPU
		{DE2492E3-4002-453A-B0EC-19481B8008C5}.Production|Any CPU.Build.0 = Local|Any CPU
		{DE2492E3-4002-453A-B0EC-19481B8008C5}.Release|Any CPU.ActiveCfg = Release|Any CPU
		{DE2492E3-4002-453A-B0EC-19481B8008C5}.Release|Any CPU.Build.0 = Release|Any CPU
		{7306941E-C724-4533-B856-62F7E73CD135}.Local|Any CPU.ActiveCfg = Local|Any CPU
		{7306941E-C724-4533-B856-62F7E73CD135}.Local|Any CPU.Build.0 = Local|Any CPU
		{7306941E-C724-4533-B856-62F7E73CD135}.Debug|Any CPU.ActiveCfg = Debug|Any CPU
		{7306941E-C724-4533-B856-62F7E73CD135}.Debug|Any CPU.Build.0 = Debug|Any CPU
		{7306941E-C724-4533-B856-62F7E73CD135}.Testing|Any CPU.ActiveCfg = Testing|Any CPU
		{7306941E-C724-4533-B856-62F7E73CD135}.Testing|Any CPU.Build.0 = Testing|Any CPU
		{7306941E-C724-4533-B856-62F7E73CD135}.Staging|Any CPU.ActiveCfg = Staging|Any CPU
		{7306941E-C724-4533-B856-62F7E73CD135}.Staging|Any CPU.Build.0 = Staging|Any CPU
		{7306941E-C724-4533-B856-62F7E73CD135}.Production|Any CPU.ActiveCfg = Local|Any CPU
		{7306941E-C724-4533-B856-62F7E73CD135}.Production|Any CPU.Build.0 = Local|Any CPU
		{7306941E-C724-4533-B856-62F7E73CD135}.Release|Any CPU.ActiveCfg = Release|Any CPU
		{7306941E-C724-4533-B856-62F7E73CD135}.Release|Any CPU.Build.0 = Release|Any CPU
	EndGlobalSection
	GlobalSection(SolutionProperties) = preSolution
		HideSolutionNode = FALSE
	EndGlobalSection
	GlobalSection(ExtensibilityGlobals) = postSolution
		SolutionGuid = {224B75F8-36D0-4518-BF31-9D79975298E9}
	EndGlobalSection
EndGlobal
